
Microsoft Visual Studio Solution File, Format Version 12.00
# Visual Studio Version 16
VisualStudioVersion = 16.0.31911.196
MinimumVisualStudioVersion = 10.0.40219.1
Project("{FAE04EC0-301F-11D3-BF4B-00C04F79EFBC}") = "Lab_1", "Lab_1\Lab_1.csproj", "{A2A39F6A-B820-4CC8-B289-6AB57813A9F0}"
EndProject
Global
	GlobalSection(SolutionConfigurationPlatforms) = preSolution
		Debug|Any CPU = Debug|Any CPU
		Release|Any CPU = Release|Any CPU
	EndGlobalSection
	GlobalSection(ProjectConfigurationPlatforms) = postSolution
		{A2A39F6A-B820-4CC8-B289-6AB57813A9F0}.Debug|Any CPU.ActiveCfg = Debug|Any CPU
		{A2A39F6A-B820-4CC8-B289-6AB57813A9F0}.Debug|Any CPU.Build.0 = Debug|Any CPU
		{A2A39F6A-B820-4CC8-B289-6AB57813A9F0}.Release|Any CPU.ActiveCfg = Release|Any CPU
		{A2A39F6A-B820-4CC8-B289-6AB57813A9F0}.Release|Any CPU.Build.0 = Release|Any CPU
	EndGlobalSection
	GlobalSection(SolutionProperties) = preSolution
		HideSolutionNode = FALSE
	EndGlobalSection
	GlobalSection(ExtensibilityGlobals) = postSolution
		SolutionGuid = {A9E243B6-1597-447D-B4C0-481573EFA24D}
	EndGlobalSection
EndGlobal
